// !$*UTF8*$!
{
	archiveVersion = 1;
	classes = {
	};
	objectVersion = 56;
	objects = {

/* Begin PBXBuildFile section */
		94167C022A47507700EC8D47 /* Entry.swift in Sources */ = {isa = PBXBuildFile; fileRef = 94167C012A47507700EC8D47 /* Entry.swift */; };
		9423A73A2A45F65D0034DE5F /* BreatheView.swift in Sources */ = {isa = PBXBuildFile; fileRef = 9423A7392A45F65D0034DE5F /* BreatheView.swift */; };
		9423A73C2A46046E0034DE5F /* HabitsView.swift in Sources */ = {isa = PBXBuildFile; fileRef = 9423A73B2A46046E0034DE5F /* HabitsView.swift */; };
		9423A73E2A4618930034DE5F /* WaveShape.swift in Sources */ = {isa = PBXBuildFile; fileRef = 9423A73D2A4618930034DE5F /* WaveShape.swift */; };
		9483C9DC2A493C8200924D16 /* CustomTabBar.swift in Sources */ = {isa = PBXBuildFile; fileRef = 9483C9DB2A493C8200924D16 /* CustomTabBar.swift */; };
		9483C9DE2A4A4C8300924D16 /* Globals.swift in Sources */ = {isa = PBXBuildFile; fileRef = 9483C9DD2A4A4C8300924D16 /* Globals.swift */; };
		948AF9002A4519110011F42D /* TranquilApp.swift in Sources */ = {isa = PBXBuildFile; fileRef = 948AF8FF2A4519110011F42D /* TranquilApp.swift */; };
		948AF9022A4519110011F42D /* ContentView.swift in Sources */ = {isa = PBXBuildFile; fileRef = 948AF9012A4519110011F42D /* ContentView.swift */; };
		948AF9042A4519110011F42D /* Assets.xcassets in Resources */ = {isa = PBXBuildFile; fileRef = 948AF9032A4519110011F42D /* Assets.xcassets */; };
		948AF9072A4519110011F42D /* Preview Assets.xcassets in Resources */ = {isa = PBXBuildFile; fileRef = 948AF9062A4519110011F42D /* Preview Assets.xcassets */; };
		948AF9132A4519120011F42D /* TranquilTests.swift in Sources */ = {isa = PBXBuildFile; fileRef = 948AF9122A4519120011F42D /* TranquilTests.swift */; };
		948AF91D2A4519120011F42D /* TranquilUITests.swift in Sources */ = {isa = PBXBuildFile; fileRef = 948AF91C2A4519120011F42D /* TranquilUITests.swift */; };
		948AF91F2A4519120011F42D /* TranquilUITestsLaunchTests.swift in Sources */ = {isa = PBXBuildFile; fileRef = 948AF91E2A4519120011F42D /* TranquilUITestsLaunchTests.swift */; };
		94DF5F442A475940007BEA41 /* JournalView.swift in Sources */ = {isa = PBXBuildFile; fileRef = 94DF5F432A475940007BEA41 /* JournalView.swift */; };
/* End PBXBuildFile section */

/* Begin PBXContainerItemProxy section */
		948AF90F2A4519120011F42D /* PBXContainerItemProxy */ = {
			isa = PBXContainerItemProxy;
			containerPortal = 948AF8F42A4519110011F42D /* Project object */;
			proxyType = 1;
			remoteGlobalIDString = 948AF8FB2A4519110011F42D;
			remoteInfo = Tranquil;
		};
		948AF9192A4519120011F42D /* PBXContainerItemProxy */ = {
			isa = PBXContainerItemProxy;
			containerPortal = 948AF8F42A4519110011F42D /* Project object */;
			proxyType = 1;
			remoteGlobalIDString = 948AF8FB2A4519110011F42D;
			remoteInfo = Tranquil;
		};
/* End PBXContainerItemProxy section */

/* Begin PBXFileReference section */
		94167C012A47507700EC8D47 /* Entry.swift */ = {isa = PBXFileReference; lastKnownFileType = sourcecode.swift; path = Entry.swift; sourceTree = "<group>"; };
		9423A7392A45F65D0034DE5F /* BreatheView.swift */ = {isa = PBXFileReference; lastKnownFileType = sourcecode.swift; path = BreatheView.swift; sourceTree = "<group>"; };
		9423A73B2A46046E0034DE5F /* HabitsView.swift */ = {isa = PBXFileReference; lastKnownFileType = sourcecode.swift; path = HabitsView.swift; sourceTree = "<group>"; };
		9423A73D2A4618930034DE5F /* WaveShape.swift */ = {isa = PBXFileReference; lastKnownFileType = sourcecode.swift; path = WaveShape.swift; sourceTree = "<group>"; };
		9483C9DB2A493C8200924D16 /* CustomTabBar.swift */ = {isa = PBXFileReference; lastKnownFileType = sourcecode.swift; path = CustomTabBar.swift; sourceTree = "<group>"; };
		9483C9DD2A4A4C8300924D16 /* Globals.swift */ = {isa = PBXFileReference; lastKnownFileType = sourcecode.swift; path = Globals.swift; sourceTree = "<group>"; };
		948AF8FC2A4519110011F42D /* Tranquil.app */ = {isa = PBXFileReference; explicitFileType = wrapper.application; includeInIndex = 0; path = Tranquil.app; sourceTree = BUILT_PRODUCTS_DIR; };
		948AF8FF2A4519110011F42D /* TranquilApp.swift */ = {isa = PBXFileReference; lastKnownFileType = sourcecode.swift; path = TranquilApp.swift; sourceTree = "<group>"; };
		948AF9012A4519110011F42D /* ContentView.swift */ = {isa = PBXFileReference; lastKnownFileType = sourcecode.swift; path = ContentView.swift; sourceTree = "<group>"; };
		948AF9032A4519110011F42D /* Assets.xcassets */ = {isa = PBXFileReference; lastKnownFileType = folder.assetcatalog; path = Assets.xcassets; sourceTree = "<group>"; };
		948AF9062A4519110011F42D /* Preview Assets.xcassets */ = {isa = PBXFileReference; lastKnownFileType = folder.assetcatalog; path = "Preview Assets.xcassets"; sourceTree = "<group>"; };
		948AF90E2A4519120011F42D /* TranquilTests.xctest */ = {isa = PBXFileReference; explicitFileType = wrapper.cfbundle; includeInIndex = 0; path = TranquilTests.xctest; sourceTree = BUILT_PRODUCTS_DIR; };
		948AF9122A4519120011F42D /* TranquilTests.swift */ = {isa = PBXFileReference; lastKnownFileType = sourcecode.swift; path = TranquilTests.swift; sourceTree = "<group>"; };
		948AF9182A4519120011F42D /* TranquilUITests.xctest */ = {isa = PBXFileReference; explicitFileType = wrapper.cfbundle; includeInIndex = 0; path = TranquilUITests.xctest; sourceTree = BUILT_PRODUCTS_DIR; };
		948AF91C2A4519120011F42D /* TranquilUITests.swift */ = {isa = PBXFileReference; lastKnownFileType = sourcecode.swift; path = TranquilUITests.swift; sourceTree = "<group>"; };
		948AF91E2A4519120011F42D /* TranquilUITestsLaunchTests.swift */ = {isa = PBXFileReference; lastKnownFileType = sourcecode.swift; path = TranquilUITestsLaunchTests.swift; sourceTree = "<group>"; };
		94DF5F432A475940007BEA41 /* JournalView.swift */ = {isa = PBXFileReference; lastKnownFileType = sourcecode.swift; path = JournalView.swift; sourceTree = "<group>"; };
/* End PBXFileReference section */

/* Begin PBXFrameworksBuildPhase section */
		948AF8F92A4519110011F42D /* Frameworks */ = {
			isa = PBXFrameworksBuildPhase;
			buildActionMask = 2147483647;
			files = (
			);
			runOnlyForDeploymentPostprocessing = 0;
		};
		948AF90B2A4519120011F42D /* Frameworks */ = {
			isa = PBXFrameworksBuildPhase;
			buildActionMask = 2147483647;
			files = (
			);
			runOnlyForDeploymentPostprocessing = 0;
		};
		948AF9152A4519120011F42D /* Frameworks */ = {
			isa = PBXFrameworksBuildPhase;
			buildActionMask = 2147483647;
			files = (
			);
			runOnlyForDeploymentPostprocessing = 0;
		};
/* End PBXFrameworksBuildPhase section */

/* Begin PBXGroup section */
		9436D8742A4755DA00B69FF5 /* Components */ = {
			isa = PBXGroup;
			children = (
				9483C9DB2A493C8200924D16 /* CustomTabBar.swift */,
				9423A73D2A4618930034DE5F /* WaveShape.swift */,
			);
			path = Components;
			sourceTree = "<group>";
		};
		948AF8F32A4519110011F42D = {
			isa = PBXGroup;
			children = (
				948AF8FE2A4519110011F42D /* Tranquil */,
				948AF9112A4519120011F42D /* TranquilTests */,
				948AF91B2A4519120011F42D /* TranquilUITests */,
				948AF8FD2A4519110011F42D /* Products */,
			);
			sourceTree = "<group>";
		};
		948AF8FD2A4519110011F42D /* Products */ = {
			isa = PBXGroup;
			children = (
				948AF8FC2A4519110011F42D /* Tranquil.app */,
				948AF90E2A4519120011F42D /* TranquilTests.xctest */,
				948AF9182A4519120011F42D /* TranquilUITests.xctest */,
			);
			name = Products;
			sourceTree = "<group>";
		};
		948AF8FE2A4519110011F42D /* Tranquil */ = {
			isa = PBXGroup;
			children = (
				9436D8742A4755DA00B69FF5 /* Components */,
				948AF8FF2A4519110011F42D /* TranquilApp.swift */,
				948AF9012A4519110011F42D /* ContentView.swift */,
				94DF5F432A475940007BEA41 /* JournalView.swift */,
				9423A7392A45F65D0034DE5F /* BreatheView.swift */,
				94167C012A47507700EC8D47 /* Entry.swift */,
				9483C9DD2A4A4C8300924D16 /* Globals.swift */,
				9423A73B2A46046E0034DE5F /* HabitsView.swift */,
				948AF9032A4519110011F42D /* Assets.xcassets */,
				948AF9052A4519110011F42D /* Preview Content */,
			);
			path = Tranquil;
			sourceTree = "<group>";
		};
		948AF9052A4519110011F42D /* Preview Content */ = {
			isa = PBXGroup;
			children = (
				948AF9062A4519110011F42D /* Preview Assets.xcassets */,
			);
			path = "Preview Content";
			sourceTree = "<group>";
		};
		948AF9112A4519120011F42D /* TranquilTests */ = {
			isa = PBXGroup;
			children = (
				948AF9122A4519120011F42D /* TranquilTests.swift */,
			);
			path = TranquilTests;
			sourceTree = "<group>";
		};
		948AF91B2A4519120011F42D /* TranquilUITests */ = {
			isa = PBXGroup;
			children = (
				948AF91C2A4519120011F42D /* TranquilUITests.swift */,
				948AF91E2A4519120011F42D /* TranquilUITestsLaunchTests.swift */,
			);
			path = TranquilUITests;
			sourceTree = "<group>";
		};
/* End PBXGroup section */

/* Begin PBXNativeTarget section */
		948AF8FB2A4519110011F42D /* Tranquil */ = {
			isa = PBXNativeTarget;
			buildConfigurationList = 948AF9222A4519120011F42D /* Build configuration list for PBXNativeTarget "Tranquil" */;
			buildPhases = (
				948AF8F82A4519110011F42D /* Sources */,
				948AF8F92A4519110011F42D /* Frameworks */,
				948AF8FA2A4519110011F42D /* Resources */,
			);
			buildRules = (
			);
			dependencies = (
			);
			name = Tranquil;
			productName = Tranquil;
			productReference = 948AF8FC2A4519110011F42D /* Tranquil.app */;
			productType = "com.apple.product-type.application";
		};
		948AF90D2A4519120011F42D /* TranquilTests */ = {
			isa = PBXNativeTarget;
			buildConfigurationList = 948AF9252A4519120011F42D /* Build configuration list for PBXNativeTarget "TranquilTests" */;
			buildPhases = (
				948AF90A2A4519120011F42D /* Sources */,
				948AF90B2A4519120011F42D /* Frameworks */,
				948AF90C2A4519120011F42D /* Resources */,
			);
			buildRules = (
			);
			dependencies = (
				948AF9102A4519120011F42D /* PBXTargetDependency */,
			);
			name = TranquilTests;
			productName = TranquilTests;
			productReference = 948AF90E2A4519120011F42D /* TranquilTests.xctest */;
			productType = "com.apple.product-type.bundle.unit-test";
		};
		948AF9172A4519120011F42D /* TranquilUITests */ = {
			isa = PBXNativeTarget;
			buildConfigurationList = 948AF9282A4519120011F42D /* Build configuration list for PBXNativeTarget "TranquilUITests" */;
			buildPhases = (
				948AF9142A4519120011F42D /* Sources */,
				948AF9152A4519120011F42D /* Frameworks */,
				948AF9162A4519120011F42D /* Resources */,
			);
			buildRules = (
			);
			dependencies = (
				948AF91A2A4519120011F42D /* PBXTargetDependency */,
			);
			name = TranquilUITests;
			productName = TranquilUITests;
			productReference = 948AF9182A4519120011F42D /* TranquilUITests.xctest */;
			productType = "com.apple.product-type.bundle.ui-testing";
		};
/* End PBXNativeTarget section */

/* Begin PBXProject section */
		948AF8F42A4519110011F42D /* Project object */ = {
			isa = PBXProject;
			attributes = {
				BuildIndependentTargetsInParallel = 1;
				LastSwiftUpdateCheck = 1500;
				LastUpgradeCheck = 1500;
				TargetAttributes = {
					948AF8FB2A4519110011F42D = {
						CreatedOnToolsVersion = 15.0;
					};
					948AF90D2A4519120011F42D = {
						CreatedOnToolsVersion = 15.0;
						TestTargetID = 948AF8FB2A4519110011F42D;
					};
					948AF9172A4519120011F42D = {
						CreatedOnToolsVersion = 15.0;
						TestTargetID = 948AF8FB2A4519110011F42D;
					};
				};
			};
			buildConfigurationList = 948AF8F72A4519110011F42D /* Build configuration list for PBXProject "Tranquil" */;
			compatibilityVersion = "Xcode 14.0";
			developmentRegion = en;
			hasScannedForEncodings = 0;
			knownRegions = (
				en,
				Base,
			);
			mainGroup = 948AF8F32A4519110011F42D;
			productRefGroup = 948AF8FD2A4519110011F42D /* Products */;
			projectDirPath = "";
			projectRoot = "";
			targets = (
				948AF8FB2A4519110011F42D /* Tranquil */,
				948AF90D2A4519120011F42D /* TranquilTests */,
				948AF9172A4519120011F42D /* TranquilUITests */,
			);
		};
/* End PBXProject section */

/* Begin PBXResourcesBuildPhase section */
		948AF8FA2A4519110011F42D /* Resources */ = {
			isa = PBXResourcesBuildPhase;
			buildActionMask = 2147483647;
			files = (
				948AF9072A4519110011F42D /* Preview Assets.xcassets in Resources */,
				948AF9042A4519110011F42D /* Assets.xcassets in Resources */,
			);
			runOnlyForDeploymentPostprocessing = 0;
		};
		948AF90C2A4519120011F42D /* Resources */ = {
			isa = PBXResourcesBuildPhase;
			buildActionMask = 2147483647;
			files = (
			);
			runOnlyForDeploymentPostprocessing = 0;
		};
		948AF9162A4519120011F42D /* Resources */ = {
			isa = PBXResourcesBuildPhase;
			buildActionMask = 2147483647;
			files = (
			);
			runOnlyForDeploymentPostprocessing = 0;
		};
/* End PBXResourcesBuildPhase section */

/* Begin PBXSourcesBuildPhase section */
		948AF8F82A4519110011F42D /* Sources */ = {
			isa = PBXSourcesBuildPhase;
			buildActionMask = 2147483647;
			files = (
				94167C022A47507700EC8D47 /* Entry.swift in Sources */,
				948AF9022A4519110011F42D /* ContentView.swift in Sources */,
				9423A73C2A46046E0034DE5F /* HabitsView.swift in Sources */,
				9423A73A2A45F65D0034DE5F /* BreatheView.swift in Sources */,
				9483C9DC2A493C8200924D16 /* CustomTabBar.swift in Sources */,
				94DF5F442A475940007BEA41 /* JournalView.swift in Sources */,
				948AF9002A4519110011F42D /* TranquilApp.swift in Sources */,
				9423A73E2A4618930034DE5F /* WaveShape.swift in Sources */,
				9483C9DE2A4A4C8300924D16 /* Globals.swift in Sources */,
			);
			runOnlyForDeploymentPostprocessing = 0;
		};
		948AF90A2A4519120011F42D /* Sources */ = {
			isa = PBXSourcesBuildPhase;
			buildActionMask = 2147483647;
			files = (
				948AF9132A4519120011F42D /* TranquilTests.swift in Sources */,
			);
			runOnlyForDeploymentPostprocessing = 0;
		};
		948AF9142A4519120011F42D /* Sources */ = {
			isa = PBXSourcesBuildPhase;
			buildActionMask = 2147483647;
			files = (
				948AF91F2A4519120011F42D /* TranquilUITestsLaunchTests.swift in Sources */,
				948AF91D2A4519120011F42D /* TranquilUITests.swift in Sources */,
			);
			runOnlyForDeploymentPostprocessing = 0;
		};
/* End PBXSourcesBuildPhase section */

/* Begin PBXTargetDependency section */
		948AF9102A4519120011F42D /* PBXTargetDependency */ = {
			isa = PBXTargetDependency;
			target = 948AF8FB2A4519110011F42D /* Tranquil */;
			targetProxy = 948AF90F2A4519120011F42D /* PBXContainerItemProxy */;
		};
		948AF91A2A4519120011F42D /* PBXTargetDependency */ = {
			isa = PBXTargetDependency;
			target = 948AF8FB2A4519110011F42D /* Tranquil */;
			targetProxy = 948AF9192A4519120011F42D /* PBXContainerItemProxy */;
		};
/* End PBXTargetDependency section */

/* Begin XCBuildConfiguration section */
		948AF9202A4519120011F42D /* Debug */ = {
			isa = XCBuildConfiguration;
			buildSettings = {
				ALWAYS_SEARCH_USER_PATHS = NO;
				ASSETCATALOG_COMPILER_GENERATE_SWIFT_ASSET_SYMBOL_EXTENSIONS = YES;
				CLANG_ANALYZER_NONNULL = YES;
				CLANG_ANALYZER_NUMBER_OBJECT_CONVERSION = YES_AGGRESSIVE;
				CLANG_CXX_LANGUAGE_STANDARD = "gnu++20";
				CLANG_ENABLE_MODULES = YES;
				CLANG_ENABLE_OBJC_ARC = YES;
				CLANG_ENABLE_OBJC_WEAK = YES;
				CLANG_WARN_BLOCK_CAPTURE_AUTORELEASING = YES;
				CLANG_WARN_BOOL_CONVERSION = YES;
				CLANG_WARN_COMMA = YES;
				CLANG_WARN_CONSTANT_CONVERSION = YES;
				CLANG_WARN_DEPRECATED_OBJC_IMPLEMENTATIONS = YES;
				CLANG_WARN_DIRECT_OBJC_ISA_USAGE = YES_ERROR;
				CLANG_WARN_DOCUMENTATION_COMMENTS = YES;
				CLANG_WARN_EMPTY_BODY = YES;
				CLANG_WARN_ENUM_CONVERSION = YES;
				CLANG_WARN_INFINITE_RECURSION = YES;
				CLANG_WARN_INT_CONVERSION = YES;
				CLANG_WARN_NON_LITERAL_NULL_CONVERSION = YES;
				CLANG_WARN_OBJC_IMPLICIT_RETAIN_SELF = YES;
				CLANG_WARN_OBJC_LITERAL_CONVERSION = YES;
				CLANG_WARN_OBJC_ROOT_CLASS = YES_ERROR;
				CLANG_WARN_QUOTED_INCLUDE_IN_FRAMEWORK_HEADER = YES;
				CLANG_WARN_RANGE_LOOP_ANALYSIS = YES;
				CLANG_WARN_STRICT_PROTOTYPES = YES;
				CLANG_WARN_SUSPICIOUS_MOVE = YES;
				CLANG_WARN_UNGUARDED_AVAILABILITY = YES_AGGRESSIVE;
				CLANG_WARN_UNREACHABLE_CODE = YES;
				CLANG_WARN__DUPLICATE_METHOD_MATCH = YES;
				COPY_PHASE_STRIP = NO;
				DEBUG_INFORMATION_FORMAT = dwarf;
				ENABLE_STRICT_OBJC_MSGSEND = YES;
				ENABLE_TESTABILITY = YES;
				ENABLE_USER_SCRIPT_SANDBOXING = YES;
				GCC_C_LANGUAGE_STANDARD = gnu17;
				GCC_DYNAMIC_NO_PIC = NO;
				GCC_NO_COMMON_BLOCKS = YES;
				GCC_OPTIMIZATION_LEVEL = 0;
				GCC_PREPROCESSOR_DEFINITIONS = (
					"DEBUG=1",
					"$(inherited)",
				);
				GCC_WARN_64_TO_32_BIT_CONVERSION = YES;
				GCC_WARN_ABOUT_RETURN_TYPE = YES_ERROR;
				GCC_WARN_UNDECLARED_SELECTOR = YES;
				GCC_WARN_UNINITIALIZED_AUTOS = YES_AGGRESSIVE;
				GCC_WARN_UNUSED_FUNCTION = YES;
				GCC_WARN_UNUSED_VARIABLE = YES;
				IPHONEOS_DEPLOYMENT_TARGET = 17.0;
				LOCALIZATION_PREFERS_STRING_CATALOGS = YES;
				MTL_ENABLE_DEBUG_INFO = INCLUDE_SOURCE;
				MTL_FAST_MATH = YES;
				ONLY_ACTIVE_ARCH = YES;
				SDKROOT = iphoneos;
				SWIFT_ACTIVE_COMPILATION_CONDITIONS = "DEBUG $(inherited)";
				SWIFT_OPTIMIZATION_LEVEL = "-Onone";
			};
			name = Debug;
		};
		948AF9212A4519120011F42D /* Release */ = {
			isa = XCBuildConfiguration;
			buildSettings = {
				ALWAYS_SEARCH_USER_PATHS = NO;
				ASSETCATALOG_COMPILER_GENERATE_SWIFT_ASSET_SYMBOL_EXTENSIONS = YES;
				CLANG_ANALYZER_NONNULL = YES;
				CLANG_ANALYZER_NUMBER_OBJECT_CONVERSION = YES_AGGRESSIVE;
				CLANG_CXX_LANGUAGE_STANDARD = "gnu++20";
				CLANG_ENABLE_MODULES = YES;
				CLANG_ENABLE_OBJC_ARC = YES;
				CLANG_ENABLE_OBJC_WEAK = YES;
				CLANG_WARN_BLOCK_CAPTURE_AUTORELEASING = YES;
				CLANG_WARN_BOOL_CONVERSION = YES;
				CLANG_WARN_COMMA = YES;
				CLANG_WARN_CONSTANT_CONVERSION = YES;
				CLANG_WARN_DEPRECATED_OBJC_IMPLEMENTATIONS = YES;
				CLANG_WARN_DIRECT_OBJC_ISA_USAGE = YES_ERROR;
				CLANG_WARN_DOCUMENTATION_COMMENTS = YES;
				CLANG_WARN_EMPTY_BODY = YES;
				CLANG_WARN_ENUM_CONVERSION = YES;
				CLANG_WARN_INFINITE_RECURSION = YES;
				CLANG_WARN_INT_CONVERSION = YES;
				CLANG_WARN_NON_LITERAL_NULL_CONVERSION = YES;
				CLANG_WARN_OBJC_IMPLICIT_RETAIN_SELF = YES;
				CLANG_WARN_OBJC_LITERAL_CONVERSION = YES;
				CLANG_WARN_OBJC_ROOT_CLASS = YES_ERROR;
				CLANG_WARN_QUOTED_INCLUDE_IN_FRAMEWORK_HEADER = YES;
				CLANG_WARN_RANGE_LOOP_ANALYSIS = YES;
				CLANG_WARN_STRICT_PROTOTYPES = YES;
				CLANG_WARN_SUSPICIOUS_MOVE = YES;
				CLANG_WARN_UNGUARDED_AVAILABILITY = YES_AGGRESSIVE;
				CLANG_WARN_UNREACHABLE_CODE = YES;
				CLANG_WARN__DUPLICATE_METHOD_MATCH = YES;
				COPY_PHASE_STRIP = NO;
				DEBUG_INFORMATION_FORMAT = "dwarf-with-dsym";
				ENABLE_NS_ASSERTIONS = NO;
				ENABLE_STRICT_OBJC_MSGSEND = YES;
				ENABLE_USER_SCRIPT_SANDBOXING = YES;
				GCC_C_LANGUAGE_STANDARD = gnu17;
				GCC_NO_COMMON_BLOCKS = YES;
				GCC_WARN_64_TO_32_BIT_CONVERSION = YES;
				GCC_WARN_ABOUT_RETURN_TYPE = YES_ERROR;
				GCC_WARN_UNDECLARED_SELECTOR = YES;
				GCC_WARN_UNINITIALIZED_AUTOS = YES_AGGRESSIVE;
				GCC_WARN_UNUSED_FUNCTION = YES;
				GCC_WARN_UNUSED_VARIABLE = YES;
				IPHONEOS_DEPLOYMENT_TARGET = 17.0;
				LOCALIZATION_PREFERS_STRING_CATALOGS = YES;
				MTL_ENABLE_DEBUG_INFO = NO;
				MTL_FAST_MATH = YES;
				SDKROOT = iphoneos;
				SWIFT_COMPILATION_MODE = wholemodule;
				VALIDATE_PRODUCT = YES;
			};
			name = Release;
		};
		948AF9232A4519120011F42D /* Debug */ = {
			isa = XCBuildConfiguration;
			buildSettings = {
				ASSETCATALOG_COMPILER_APPICON_NAME = AppIcon;
				ASSETCATALOG_COMPILER_GLOBAL_ACCENT_COLOR_NAME = AccentColor;
				CODE_SIGN_STYLE = Automatic;
				CURRENT_PROJECT_VERSION = 1;
				DEVELOPMENT_ASSET_PATHS = "\"Tranquil/Preview Content\"";
				DEVELOPMENT_TEAM = 44K4H49QS9;
				ENABLE_PREVIEWS = YES;
				GENERATE_INFOPLIST_FILE = YES;
				INFOPLIST_KEY_UIApplicationSceneManifest_Generation = YES;
				INFOPLIST_KEY_UIApplicationSupportsIndirectInputEvents = YES;
				INFOPLIST_KEY_UILaunchScreen_Generation = YES;
				INFOPLIST_KEY_UISupportedInterfaceOrientations_iPad = "UIInterfaceOrientationPortrait UIInterfaceOrientationPortraitUpsideDown UIInterfaceOrientationLandscapeLeft UIInterfaceOrientationLandscapeRight";
				INFOPLIST_KEY_UISupportedInterfaceOrientations_iPhone = "UIInterfaceOrientationPortrait UIInterfaceOrientationLandscapeLeft UIInterfaceOrientationLandscapeRight";
				LD_RUNPATH_SEARCH_PATHS = (
					"$(inherited)",
					"@executable_path/Frameworks",
				);
				MARKETING_VERSION = 1.0;
				PRODUCT_BUNDLE_IDENTIFIER = com.vaibhavvenkat.Tranquil;
				PRODUCT_NAME = "$(TARGET_NAME)";
				SWIFT_EMIT_LOC_STRINGS = YES;
				SWIFT_VERSION = 5.0;
				TARGETED_DEVICE_FAMILY = "1,2";
			};
			name = Debug;
		};
		948AF9242A4519120011F42D /* Release */ = {
			isa = XCBuildConfiguration;
			buildSettings = {
				ASSETCATALOG_COMPILER_APPICON_NAME = AppIcon;
				ASSETCATALOG_COMPILER_GLOBAL_ACCENT_COLOR_NAME = AccentColor;
				CODE_SIGN_STYLE = Automatic;
				CURRENT_PROJECT_VERSION = 1;
				DEVELOPMENT_ASSET_PATHS = "\"Tranquil/Preview Content\"";
				DEVELOPMENT_TEAM = 44K4H49QS9;
				ENABLE_PREVIEWS = YES;
				GENERATE_INFOPLIST_FILE = YES;
				INFOPLIST_KEY_UIApplicationSceneManifest_Generation = YES;
				INFOPLIST_KEY_UIApplicationSupportsIndirectInputEvents = YES;
				INFOPLIST_KEY_UILaunchScreen_Generation = YES;
				INFOPLIST_KEY_UISupportedInterfaceOrientations_iPad = "UIInterfaceOrientationPortrait UIInterfaceOrientationPortraitUpsideDown UIInterfaceOrientationLandscapeLeft UIInterfaceOrientationLandscapeRight";
				INFOPLIST_KEY_UISupportedInterfaceOrientations_iPhone = "UIInterfaceOrientationPortrait UIInterfaceOrientationLandscapeLeft UIInterfaceOrientationLandscapeRight";
				LD_RUNPATH_SEARCH_PATHS = (
					"$(inherited)",
					"@executable_path/Frameworks",
				);
				MARKETING_VERSION = 1.0;
				PRODUCT_BUNDLE_IDENTIFIER = com.vaibhavvenkat.Tranquil;
				PRODUCT_NAME = "$(TARGET_NAME)";
				SWIFT_EMIT_LOC_STRINGS = YES;
				SWIFT_VERSION = 5.0;
				TARGETED_DEVICE_FAMILY = "1,2";
			};
			name = Release;
		};
		948AF9262A4519120011F42D /* Debug */ = {
			isa = XCBuildConfiguration;
			buildSettings = {
				ALWAYS_EMBED_SWIFT_STANDARD_LIBRARIES = YES;
				BUNDLE_LOADER = "$(TEST_HOST)";
				CODE_SIGN_STYLE = Automatic;
				CURRENT_PROJECT_VERSION = 1;
				DEVELOPMENT_TEAM = 44K4H49QS9;
				GENERATE_INFOPLIST_FILE = YES;
				IPHONEOS_DEPLOYMENT_TARGET = 17.0;
				MARKETING_VERSION = 1.0;
				PRODUCT_BUNDLE_IDENTIFIER = com.vaibhavvenkat.TranquilTests;
				PRODUCT_NAME = "$(TARGET_NAME)";
				SWIFT_EMIT_LOC_STRINGS = NO;
				SWIFT_VERSION = 5.0;
				TARGETED_DEVICE_FAMILY = "1,2";
				TEST_HOST = "$(BUILT_PRODUCTS_DIR)/Tranquil.app/$(BUNDLE_EXECUTABLE_FOLDER_PATH)/Tranquil";
			};
			name = Debug;
		};
		948AF9272A4519120011F42D /* Release */ = {
			isa = XCBuildConfiguration;
			buildSettings = {
				ALWAYS_EMBED_SWIFT_STANDARD_LIBRARIES = YES;
				BUNDLE_LOADER = "$(TEST_HOST)";
				CODE_SIGN_STYLE = Automatic;
				CURRENT_PROJECT_VERSION = 1;
				DEVELOPMENT_TEAM = 44K4H49QS9;
				GENERATE_INFOPLIST_FILE = YES;
				IPHONEOS_DEPLOYMENT_TARGET = 17.0;
				MARKETING_VERSION = 1.0;
				PRODUCT_BUNDLE_IDENTIFIER = com.vaibhavvenkat.TranquilTests;
				PRODUCT_NAME = "$(TARGET_NAME)";
				SWIFT_EMIT_LOC_STRINGS = NO;
				SWIFT_VERSION = 5.0;
				TARGETED_DEVICE_FAMILY = "1,2";
				TEST_HOST = "$(BUILT_PRODUCTS_DIR)/Tranquil.app/$(BUNDLE_EXECUTABLE_FOLDER_PATH)/Tranquil";
			};
			name = Release;
		};
		948AF9292A4519120011F42D /* Debug */ = {
			isa = XCBuildConfiguration;
			buildSettings = {
				ALWAYS_EMBED_SWIFT_STANDARD_LIBRARIES = YES;
				CODE_SIGN_STYLE = Automatic;
				CURRENT_PROJECT_VERSION = 1;
				DEVELOPMENT_TEAM = 44K4H49QS9;
				GENERATE_INFOPLIST_FILE = YES;
				MARKETING_VERSION = 1.0;
				PRODUCT_BUNDLE_IDENTIFIER = com.vaibhavvenkat.TranquilUITests;
				PRODUCT_NAME = "$(TARGET_NAME)";
				SWIFT_EMIT_LOC_STRINGS = NO;
				SWIFT_VERSION = 5.0;
				TARGETED_DEVICE_FAMILY = "1,2";
				TEST_TARGET_NAME = Tranquil;
			};
			name = Debug;
		};
		948AF92A2A4519120011F42D /* Release */ = {
			isa = XCBuildConfiguration;
			buildSettings = {
				ALWAYS_EMBED_SWIFT_STANDARD_LIBRARIES = YES;
				CODE_SIGN_STYLE = Automatic;
				CURRENT_PROJECT_VERSION = 1;
				DEVELOPMENT_TEAM = 44K4H49QS9;
				GENERATE_INFOPLIST_FILE = YES;
				MARKETING_VERSION = 1.0;
				PRODUCT_BUNDLE_IDENTIFIER = com.vaibhavvenkat.TranquilUITests;
				PRODUCT_NAME = "$(TARGET_NAME)";
				SWIFT_EMIT_LOC_STRINGS = NO;
				SWIFT_VERSION = 5.0;
				TARGETED_DEVICE_FAMILY = "1,2";
				TEST_TARGET_NAME = Tranquil;
			};
			name = Release;
		};
/* End XCBuildConfiguration section */

/* Begin XCConfigurationList section */
		948AF8F72A4519110011F42D /* Build configuration list for PBXProject "Tranquil" */ = {
			isa = XCConfigurationList;
			buildConfigurations = (
				948AF9202A4519120011F42D /* Debug */,
				948AF9212A4519120011F42D /* Release */,
			);
			defaultConfigurationIsVisible = 0;
			defaultConfigurationName = Release;
		};
		948AF9222A4519120011F42D /* Build configuration list for PBXNativeTarget "Tranquil" */ = {
			isa = XCConfigurationList;
			buildConfigurations = (
				948AF9232A4519120011F42D /* Debug */,
				948AF9242A4519120011F42D /* Release */,
			);
			defaultConfigurationIsVisible = 0;
			defaultConfigurationName = Release;
		};
		948AF9252A4519120011F42D /* Build configuration list for PBXNativeTarget "TranquilTests" */ = {
			isa = XCConfigurationList;
			buildConfigurations = (
				948AF9262A4519120011F42D /* Debug */,
				948AF9272A4519120011F42D /* Release */,
			);
			defaultConfigurationIsVisible = 0;
			defaultConfigurationName = Release;
		};
		948AF9282A4519120011F42D /* Build configuration list for PBXNativeTarget "TranquilUITests" */ = {
			isa = XCConfigurationList;
			buildConfigurations = (
				948AF9292A4519120011F42D /* Debug */,
				948AF92A2A4519120011F42D /* Release */,
			);
			defaultConfigurationIsVisible = 0;
			defaultConfigurationName = Release;
		};
/* End XCConfigurationList section */
	};
	rootObject = 948AF8F42A4519110011F42D /* Project object */;
}
